{
  "name": "museum",
  "version": "0.1.0",
  "lockfileVersion": 1,
  "requires": true,
  "dependencies": {
    "add-dom-event-listener": {
      "version": "1.1.0",
      "resolved": "http://registry.npm.taobao.org/add-dom-event-listener/download/add-dom-event-listener-1.1.0.tgz",
      "integrity": "sha1-apLbOg3Qq8JU4JXA8dwUrLuq4xA=",
      "requires": {
        "object-assign": "4.x"
      }
    },
    "antd-mobile": {
      "version": "2.2.14",
      "resolved": "https://registry.npm.taobao.org/antd-mobile/download/antd-mobile-2.2.14.tgz",
      "requires": {
        "array-tree-filter": "~2.1.0",
        "babel-runtime": "6.x",
        "classnames": "^2.2.1",
        "normalize.css": "^7.0.0",
        "rc-checkbox": "~2.0.0",
        "rc-collapse": "~1.9.1",
        "rc-slider": "~8.2.0",
        "rc-swipeout": "~2.0.0",
        "rmc-calendar": "^1.0.0",
        "rmc-cascader": "~5.0.0",
        "rmc-date-picker": "^6.0.8",
        "rmc-dialog": "^1.0.1",
        "rmc-drawer": "^0.4.11",
        "rmc-feedback": "^2.0.0",
        "rmc-input-number": "^1.0.0",
        "rmc-list-view": "^0.11.0",
        "rmc-notification": "~1.0.0",
        "rmc-nuka-carousel": "~3.0.0",
        "rmc-picker": "~5.0.0",
        "rmc-pull-to-refresh": "~1.0.1",
        "rmc-steps": "~1.0.0",
        "rmc-tabs": "~1.2.0",
        "rmc-tooltip": "~1.0.0"
      }
    },
    "array-tree-filter": {
      "version": "2.1.0",
      "resolved": "http://registry.npm.taobao.org/array-tree-filter/download/array-tree-filter-2.1.0.tgz",
      "integrity": "sha1-hzrAD+yDdJ8lWsjdCDgUtPYykZA="
    },
    "asap": {
      "version": "2.0.6",
      "resolved": "http://registry.npm.taobao.org/asap/download/asap-2.0.6.tgz",
      "integrity": "sha512-BSHWgDSAiKs50o2Re8ppvp3seVHXSRM44cdSsT9FfNEUUZLOGWVCsiWaRPWM1Znn+mqZ1OfVZ3z3DWEzSp7hRA=="
    },
    "axios": {
      "version": "0.18.0",
      "resolved": "http://registry.npm.taobao.org/axios/download/axios-0.18.0.tgz",
      "integrity": "sha512-14hgP2oTu6SPu+26Ofye6Se8u5Mmjc07a0ACHTJ5POKFU1Mtxz2IxSvaWy1O+QnbSa8XHy1gYz2E1l+G26XJdA==",
      "requires": {
        "follow-redirects": "^1.3.0",
        "is-buffer": "^1.1.5"
      },
      "dependencies": {
        "is-buffer": {
          "version": "1.1.6",
          "resolved": "http://registry.npm.taobao.org/is-buffer/download/is-buffer-1.1.6.tgz",
          "integrity": "sha512-NcdALwpXkTm5Zvvbk7owOUSvVvBKDgKP5/ewfXEznmQFfs4ZRmanOeKBTjRVjka3QFoN6XJ+9F3USqfHqTaU5w=="
        }
      }
    },
    "babel-runtime": {
      "version": "6.26.0",
      "resolved": "http://registry.npm.taobao.org/babel-runtime/download/babel-runtime-6.26.0.tgz",
      "integrity": "sha512-ITKNuq2wKlW1fJg9sSW52eepoYgZBggvOAHC0u/CYu/qxQ9EVzThCgR69BnSXLHjy2f7SY5zaQ4yt7H9ZVxY2g==",
      "requires": {
        "core-js": "^2.4.0",
        "regenerator-runtime": "^0.11.0"
      },
      "dependencies": {
        "core-js": {
          "version": "2.6.5",
          "resolved": "http://registry.npm.taobao.org/core-js/download/core-js-2.6.5.tgz",
          "integrity": "sha512-klh/kDpwX8hryYL14M9w/xei6vrv6sE8gTHDG7/T/+SEovB/G4ejwcfE/CBzO6Edsu+OETZMZ3wcX/EjUkrl5A=="
        },
        "regenerator-runtime": {
          "version": "0.11.1",
          "resolved": "http://registry.npm.taobao.org/regenerator-runtime/download/regenerator-runtime-0.11.1.tgz",
          "integrity": "sha512-MguG95oij0fC3QV3URf4V2SDYGJhJnJGqvIIgdECeODCT98wSWDAJ94SSuVpYQUoTcGUIL6L4yNB7j1DFFHSBg=="
        }
      }
    },
    "classnames": {
      "version": "2.2.6",
      "resolved": "http://registry.npm.taobao.org/classnames/download/classnames-2.2.6.tgz",
      "integrity": "sha1-Q5Nb/90pHzJtrQogUwmzjQD2UM4="
    },
    "component-classes": {
      "version": "1.2.6",
      "resolved": "http://registry.npm.taobao.org/component-classes/download/component-classes-1.2.6.tgz",
      "integrity": "sha1-xkI5TDYYpNiwuJGe/Mu9kw5c1pE=",
      "requires": {
        "component-indexof": "0.0.3"
      }
    },
    "component-indexof": {
      "version": "0.0.3",
      "resolved": "http://registry.npm.taobao.org/component-indexof/download/component-indexof-0.0.3.tgz",
      "integrity": "sha1-EdCRMSI5648yyPJa6csAL/6NPCQ="
    },
    "create-react-class": {
      "version": "15.6.3",
      "resolved": "http://registry.npm.taobao.org/create-react-class/download/create-react-class-15.6.3.tgz",
      "integrity": "sha1-LXMjf7P5cK5uvgEanmb0bbyoADY=",
      "requires": {
        "fbjs": "^0.8.9",
        "loose-envify": "^1.3.1",
        "object-assign": "^4.1.1"
      }
    },
    "css-animation": {
      "version": "1.5.0",
      "resolved": "http://registry.npm.taobao.org/css-animation/download/css-animation-1.5.0.tgz",
      "integrity": "sha1-yWuQl6XvdKe+hIC0XMROTsbKK/U=",
      "requires": {
        "babel-runtime": "6.x",
        "component-classes": "^1.2.5"
      }
    },
    "dom-align": {
      "version": "1.8.3",
      "resolved": "https://registry.npm.taobao.org/dom-align/download/dom-align-1.8.3.tgz?cache=0&other_urls=https%3A%2F%2Fregistry.npm.taobao.org%2Fdom-align%2Fdownload%2Fdom-align-1.8.3.tgz",
      "integrity": "sha1-8fwZcigQnsok8EzGrTsG9uuKVLs="
    },
    "encoding": {
      "version": "0.1.12",
      "resolved": "http://registry.npm.taobao.org/encoding/download/encoding-0.1.12.tgz",
      "integrity": "sha1-U4tm8+5izRq1HsMjgp0flIDHS+s=",
      "requires": {
        "iconv-lite": "~0.4.13"
      }
    },
    "exenv": {
      "version": "1.2.2",
      "resolved": "http://registry.npm.taobao.org/exenv/download/exenv-1.2.2.tgz",
      "integrity": "sha1-KueOhdmJQVhnCwPUe+wfA72Ru50="
    },
    "fbjs": {
      "version": "0.8.17",
      "resolved": "http://registry.npm.taobao.org/fbjs/download/fbjs-0.8.17.tgz",
      "integrity": "sha1-xNWY6taUkRJlPWWIsBpc3Nn5D90=",
      "requires": {
        "core-js": "^1.0.0",
        "isomorphic-fetch": "^2.1.1",
        "loose-envify": "^1.0.0",
        "object-assign": "^4.1.0",
        "promise": "^7.1.1",
        "setimmediate": "^1.0.5",
        "ua-parser-js": "^0.7.18"
      },
      "dependencies": {
        "core-js": {
          "version": "1.2.7",
          "resolved": "https://registry.npm.taobao.org/core-js/download/core-js-1.2.7.tgz?cache=0&sync_timestamp=1560599811627&other_urls=https%3A%2F%2Fregistry.npm.taobao.org%2Fcore-js%2Fdownload%2Fcore-js-1.2.7.tgz",
          "integrity": "sha1-ZSKUwUZR2yj6k70tX/KYOk8IxjY="
        },
        "promise": {
          "version": "7.3.1",
          "resolved": "http://registry.npm.taobao.org/promise/download/promise-7.3.1.tgz",
          "integrity": "sha1-BktyYCsY+Q8pGSuLG8QY/9Hr078=",
          "requires": {
            "asap": "~2.0.3"
          }
        }
      }
    },
    "follow-redirects": {
      "version": "1.7.0",
      "resolved": "http://registry.npm.taobao.org/follow-redirects/download/follow-redirects-1.7.0.tgz",
      "integrity": "sha512-m/pZQy4Gj287eNy94nivy5wchN3Kp+Q5WgUPNy5lJSZ3sgkVKSYV/ZChMAQVIgx1SqfZ2zBZtPA2YlXIWxxJOQ==",
      "requires": {
        "debug": "^3.2.6"
      },
      "dependencies": {
        "debug": {
          "version": "3.2.6",
          "resolved": "http://registry.npm.taobao.org/debug/download/debug-3.2.6.tgz",
          "integrity": "sha512-mel+jf7nrtEl5Pn1Qx46zARXKDpBbvzezse7p7LqINmdoIk8PYP5SySaxEmYv6TZ0JyEKA1hsCId6DIhgITtWQ==",
          "requires": {
            "ms": "^2.1.1"
          },
          "dependencies": {
            "ms": {
              "version": "2.1.2",
              "resolved": "https://registry.npm.taobao.org/ms/download/ms-2.1.2.tgz?cache=0&other_urls=https%3A%2F%2Fregistry.npm.taobao.org%2Fms%2Fdownload%2Fms-2.1.2.tgz",
              "integrity": "sha1-0J0fNXtEP0kzgqjrPM0YOHKuYAk="
            }
          }
        }
      }
    },
    "iconv-lite": {
      "version": "0.4.24",
      "resolved": "http://registry.npm.taobao.org/iconv-lite/download/iconv-lite-0.4.24.tgz",
      "integrity": "sha512-v3MXnZAcvnywkTUEZomIActle7RXXeedOR31wwl7VlyoXO4Qi9arvSenNQWne1TcRwhCL1HwLI21bEqdpj8/rA==",
      "requires": {
        "safer-buffer": ">= 2.1.2 < 3"
      }
    },
    "is-stream": {
      "version": "1.1.0",
      "resolved": "http://registry.npm.taobao.org/is-stream/download/is-stream-1.1.0.tgz",
      "integrity": "sha512-uQPm8kcs47jx38atAcWTVxyltQYoPT68y9aWYdV6yWXSyW8mzSat0TL6CiWdZeCdF3KrAvpVtnHbTv4RN+rqdQ=="
    },
    "isomorphic-fetch": {
      "version": "2.2.1",
      "resolved": "http://registry.npm.taobao.org/isomorphic-fetch/download/isomorphic-fetch-2.2.1.tgz",
      "integrity": "sha1-YRrhrPFPXoH3KVB0coGf6XM1WKk=",
      "requires": {
        "node-fetch": "^1.0.1",
        "whatwg-fetch": ">=0.10.0"
      }
    },
    "js-tokens": {
      "version": "4.0.0",
      "resolved": "http://registry.npm.taobao.org/js-tokens/download/js-tokens-4.0.0.tgz",
      "integrity": "sha512-RdJUflcE3cUzKiMqQgsCu06FPu9UdIJO0beYbPhHN4k6apgJtifcoCtT9bcxOpYBtpD2kCM6Sbzg4CausW/PKQ=="
    },
    "lodash._getnative": {
      "version": "3.9.1",
      "resolved": "http://registry.npm.taobao.org/lodash._getnative/download/lodash._getnative-3.9.1.tgz",
      "integrity": "sha1-VwvH3t5G1hzc3mh9ZdPuy6o6r/U="
    },
    "lodash.isarguments": {
      "version": "3.1.0",
      "resolved": "http://registry.npm.taobao.org/lodash.isarguments/download/lodash.isarguments-3.1.0.tgz",
      "integrity": "sha1-L1c9hcaiQon/AGY7SRwdM4/zRYo="
    },
    "lodash.isarray": {
      "version": "3.0.4",
      "resolved": "http://registry.npm.taobao.org/lodash.isarray/download/lodash.isarray-3.0.4.tgz",
      "integrity": "sha1-eeTriMNqgSKvhvhEqpvNhRtfu1U="
    },
    "lodash.keys": {
      "version": "3.1.2",
      "resolved": "http://registry.npm.taobao.org/lodash.keys/download/lodash.keys-3.1.2.tgz",
      "integrity": "sha1-TbwEcrFWvlCgsoaFXRvQsMZWCYo=",
      "requires": {
        "lodash._getnative": "^3.0.0",
        "lodash.isarguments": "^3.0.0",
        "lodash.isarray": "^3.0.0"
      }
    },
    "loose-envify": {
      "version": "1.4.0",
      "resolved": "http://registry.npm.taobao.org/loose-envify/download/loose-envify-1.4.0.tgz",
      "integrity": "sha512-lyuxPGr/Wfhrlem2CL/UcnUc1zcqKAImBDzukY7Y5F/yQiNdko6+fRLevlw1HgMySw7f611UIY408EtxRSoK3Q==",
      "requires": {
        "js-tokens": "^3.0.0 || ^4.0.0"
      }
    },
    "node-fetch": {
      "version": "1.7.3",
      "resolved": "https://registry.npm.taobao.org/node-fetch/download/node-fetch-1.7.3.tgz",
      "requires": {
        "encoding": "^0.1.11",
        "is-stream": "^1.0.1"
      }
    },
    "normalize.css": {
      "version": "7.0.0",
      "resolved": "http://registry.npm.taobao.org/normalize.css/download/normalize.css-7.0.0.tgz",
      "integrity": "sha1-q/sd2CRwZ04DIrU86xqvQSk45L8="
    },
    "object-assign": {
      "version": "4.1.1",
      "resolved": "http://registry.npm.taobao.org/object-assign/download/object-assign-4.1.1.tgz",
      "integrity": "sha512-rJgTQnkUnH1sFw8yT6VSU3zD3sWmu6sZhIseY8VX+GRu3P6F7Fu+JNDoXfklElbLJSnc3FUQHVe4cU5hj+BcUg=="
    },
    "performance-now": {
      "version": "2.1.0",
      "resolved": "http://registry.npm.taobao.org/performance-now/download/performance-now-2.1.0.tgz",
      "integrity": "sha512-7EAHlyLHI56VEIdK57uwHdHKIaAGbnXPiw0yWbarQZOKaKpvUIgW0jWRVLiatnM+XXlSwsanIBH/hzGMJulMow=="
    },
    "prop-types": {
      "version": "15.7.2",
      "resolved": "http://registry.npm.taobao.org/prop-types/download/prop-types-15.7.2.tgz",
      "integrity": "sha512-8QQikdH7//R2vurIJSutZ1smHYTcLpRWEOlHnzcWHmBYrOGUysKwSsrC89BCiFj3CbrfJ/nXFdJepOVrY1GCHQ==",
      "requires": {
        "loose-envify": "^1.4.0",
        "object-assign": "^4.1.1",
        "react-is": "^16.8.1"
      }
    },
    "raf": {
      "version": "3.4.1",
      "resolved": "http://registry.npm.taobao.org/raf/download/raf-3.4.1.tgz",
      "integrity": "sha1-B0LpmkplUvRF1z4+4DKK8P8e3jk=",
      "requires": {
        "performance-now": "^2.1.0"
      }
    },
    "rc-align": {
      "version": "2.4.5",
      "resolved": "http://registry.npm.taobao.org/rc-align/download/rc-align-2.4.5.tgz",
      "integrity": "sha1-yUGlhvWdEBfyOkKPC0aGY/txAqs=",
      "requires": {
        "babel-runtime": "^6.26.0",
        "dom-align": "^1.7.0",
        "prop-types": "^15.5.8",
        "rc-util": "^4.0.4"
      }
    },
    "rc-animate": {
      "version": "2.8.3",
      "resolved": "https://registry.npm.taobao.org/rc-animate/download/rc-animate-2.8.3.tgz",
      "integrity": "sha1-gNRUAvNdNhcnb8FIEPuKY1/pDcA=",
      "requires": {
        "babel-runtime": "6.x",
        "classnames": "^2.2.6",
        "css-animation": "^1.3.2",
        "prop-types": "15.x",
        "raf": "^3.4.0",
        "react-lifecycles-compat": "^3.0.4"
      }
    },
    "rc-checkbox": {
      "version": "2.0.3",
      "resolved": "https://registry.npm.taobao.org/rc-checkbox/download/rc-checkbox-2.0.3.tgz?cache=0&other_urls=https%3A%2F%2Fregistry.npm.taobao.org%2Frc-checkbox%2Fdownload%2Frc-checkbox-2.0.3.tgz",
      "integrity": "sha1-Q2qdUIlI4iSYDwU16nOLSBd6jyU=",
      "requires": {
        "babel-runtime": "^6.23.0",
        "classnames": "2.x",
        "prop-types": "15.x",
        "rc-util": "^4.0.4"
      }
    },
    "rc-collapse": {
      "version": "1.9.3",
      "resolved": "https://registry.npm.taobao.org/rc-collapse/download/rc-collapse-1.9.3.tgz",
      "requires": {
        "classnames": "2.x",
        "css-animation": "1.x",
        "prop-types": "^15.5.6",
        "rc-animate": "2.x"
      }
    },
    "rc-gesture": {
      "version": "0.0.22",
      "resolved": "http://registry.npm.taobao.org/rc-gesture/download/rc-gesture-0.0.22.tgz",
      "integrity": "sha1-+8vdW0Y4epeLPt5ItCdI6P933d0=",
      "requires": {
        "babel-runtime": "6.x"
      }
    },
    "rc-slider": {
      "version": "8.2.0",
      "resolved": "https://registry.npm.taobao.org/rc-slider/download/rc-slider-8.2.0.tgz?cache=0&other_urls=https%3A%2F%2Fregistry.npm.taobao.org%2Frc-slider%2Fdownload%2Frc-slider-8.2.0.tgz",
      "integrity": "sha1-rjfRcUTK1g4dpurA7k/8/qCwpug=",
      "requires": {
        "babel-runtime": "6.x",
        "classnames": "^2.2.5",
        "prop-types": "^15.5.4",
        "rc-tooltip": "^3.4.2",
        "rc-util": "^4.0.4",
        "shallowequal": "^1.0.1",
        "warning": "^3.0.0"
      },
      "dependencies": {
        "shallowequal": {
          "version": "1.1.0",
          "resolved": "http://registry.npm.taobao.org/shallowequal/download/shallowequal-1.1.0.tgz",
          "integrity": "sha1-GI1SHelbkIdAT9TctosT3wrk5/g="
        }
      }
    },
    "rc-swipeout": {
      "version": "2.0.11",
      "resolved": "http://registry.npm.taobao.org/rc-swipeout/download/rc-swipeout-2.0.11.tgz",
      "integrity": "sha1-362cezihXqA3bjnLM1bjb+16QVU=",
      "requires": {
        "babel-runtime": "6.x",
        "classnames": "2.x",
        "rc-gesture": "~0.0.22",
        "react-native-swipeout": "^2.2.2"
      }
    },
    "rc-tooltip": {
      "version": "3.7.3",
      "resolved": "http://registry.npm.taobao.org/rc-tooltip/download/rc-tooltip-3.7.3.tgz",
      "integrity": "sha1-KArsavyqROjf8EgPuv+eh/wArsw=",
      "requires": {
        "babel-runtime": "6.x",
        "prop-types": "^15.5.8",
        "rc-trigger": "^2.2.2"
      }
    },
    "rc-trigger": {
      "version": "2.6.4",
      "resolved": "https://registry.npm.taobao.org/rc-trigger/download/rc-trigger-2.6.4.tgz?cache=0&sync_timestamp=1561530707597&other_urls=https%3A%2F%2Fregistry.npm.taobao.org%2Frc-trigger%2Fdownload%2Frc-trigger-2.6.4.tgz",
      "integrity": "sha1-rfp3jrmNWTT5rXufzd50mKqLjhQ=",
      "requires": {
        "babel-runtime": "6.x",
        "classnames": "^2.2.6",
        "prop-types": "15.x",
        "rc-align": "^2.4.0",
        "rc-animate": "2.x",
        "rc-util": "^4.4.0"
      }
    },
    "rc-util": {
      "version": "4.6.0",
      "resolved": "http://registry.npm.taobao.org/rc-util/download/rc-util-4.6.0.tgz",
      "integrity": "sha1-ujNyF4MZLsTzr7JZ4YKwTlXet/Y=",
      "requires": {
        "add-dom-event-listener": "^1.1.0",
        "babel-runtime": "6.x",
        "prop-types": "^15.5.10",
        "shallowequal": "^0.2.2"
      }
    },
    "react": {
      "version": "16.8.6",
      "resolved": "http://registry.npm.taobao.org/react/download/react-16.8.6.tgz",
      "integrity": "sha512-pC0uMkhLaHm11ZSJULfOBqV4tIZkx87ZLvbbQYunNixAAvjnC+snJCg0XQXn9VIsttVsbZP/H/ewzgsd5fxKXw==",
      "requires": {
        "loose-envify": "^1.1.0",
        "object-assign": "^4.1.1",
        "prop-types": "^15.6.2",
        "scheduler": "^0.13.6"
      }
    },
    "react-datetime": {
      "version": "2.16.3",
      "resolved": "https://registry.npm.taobao.org/react-datetime/download/react-datetime-2.16.3.tgz",
      "integrity": "sha1-f5rH1AFKk5wRx2HQwi0ftQbLUF4=",
      "requires": {
        "create-react-class": "^15.5.2",
        "object-assign": "^3.0.0",
        "prop-types": "^15.5.7",
        "react-onclickoutside": "^6.5.0"
      },
      "dependencies": {
        "object-assign": {
          "version": "3.0.0",
          "resolved": "http://registry.npm.taobao.org/object-assign/download/object-assign-3.0.0.tgz",
          "integrity": "sha1-m+3VygiXlJvKR+f/QIBi1Un1h/I="
        }
      }
    },
    "react-dom": {
      "version": "16.8.6",
      "resolved": "http://registry.npm.taobao.org/react-dom/download/react-dom-16.8.6.tgz",
      "integrity": "sha512-1nL7PIq9LTL3fthPqwkvr2zY7phIPjYrT0jp4HjyEQrEROnw4dG41VVwi/wfoCneoleqrNX7iAD+pXebJZwrwA==",
      "requires": {
        "loose-envify": "^1.1.0",
        "object-assign": "^4.1.1",
        "prop-types": "^15.6.2",
        "scheduler": "^0.13.6"
      }
    },
    "react-is": {
      "version": "16.8.6",
      "resolved": "http://registry.npm.taobao.org/react-is/download/react-is-16.8.6.tgz",
      "integrity": "sha512-aUk3bHfZ2bRSVFFbbeVS4i+lNPZr3/WM5jT2J5omUVV1zzcs1nAaf3l51ctA5FFvCRbhrH0bdAsRRQddFJZPtA=="
    },
    "react-lifecycles-compat": {
      "version": "3.0.4",
      "resolved": "http://registry.npm.taobao.org/react-lifecycles-compat/download/react-lifecycles-compat-3.0.4.tgz",
      "integrity": "sha1-TxonOv38jzSIqMUWv9p4+HI1I2I="
    },
    "react-native-swipeout": {
      "version": "2.3.6",
      "resolved": "http://registry.npm.taobao.org/react-native-swipeout/download/react-native-swipeout-2.3.6.tgz",
      "integrity": "sha1-R9rIqDWCXPPy7vnklVdKPZq20/o=",
      "requires": {
        "create-react-class": "^15.6.0",
        "prop-types": "^15.5.10",
        "react-tween-state": "^0.1.5"
      }
    },
    "react-onclickoutside": {
      "version": "6.9.0",
      "resolved": "https://registry.npm.taobao.org/react-onclickoutside/download/react-onclickoutside-6.9.0.tgz",
      "integrity": "sha1-pUvDF66M9hMaXXis6lWhEGfzeh8="
    },
    "react-tween-state": {
      "version": "0.1.5",
      "resolved": "http://registry.npm.taobao.org/react-tween-state/download/react-tween-state-0.1.5.tgz",
      "integrity": "sha1-6YsGZVHvuTy5LdG+FJlcLj3q4zk=",
      "requires": {
        "raf": "^3.1.0",
        "tween-functions": "^1.0.1"
      }
    },
    "rmc-align": {
      "version": "1.0.0",
      "resolved": "http://registry.npm.taobao.org/rmc-align/download/rmc-align-1.0.0.tgz",
      "integrity": "sha1-jWSrSEYJoEGrQkUGASoVt8W5M90=",
      "requires": {
        "babel-runtime": "6.x",
        "dom-align": "1.x",
        "rc-util": "4.x"
      }
    },
    "rmc-calendar": {
      "version": "1.1.4",
      "resolved": "http://registry.npm.taobao.org/rmc-calendar/download/rmc-calendar-1.1.4.tgz",
      "integrity": "sha1-fbSZAIeHfNSad3L0Uk0zuAFtO9I=",
      "requires": {
        "babel-runtime": "^6.26.0",
        "rc-animate": "^2.4.4",
        "rmc-date-picker": "^6.0.8"
      }
    },
    "rmc-cascader": {
      "version": "5.0.3",
      "resolved": "http://registry.npm.taobao.org/rmc-cascader/download/rmc-cascader-5.0.3.tgz",
      "integrity": "sha1-xgWx6sZhPkxUqmrtLLrn+cWoxl8=",
      "requires": {
        "array-tree-filter": "2.1.x",
        "babel-runtime": "6.x",
        "rmc-picker": "~5.0.0"
      }
    },
    "rmc-date-picker": {
      "version": "6.0.9",
      "resolved": "http://registry.npm.taobao.org/rmc-date-picker/download/rmc-date-picker-6.0.9.tgz",
      "integrity": "sha1-e1lTigSAAuM/IV2pvvLl5O2lNHY=",
      "requires": {
        "babel-runtime": "6.x",
        "rmc-picker": "~5.0.0"
      }
    },
    "rmc-dialog": {
      "version": "1.1.1",
      "resolved": "http://registry.npm.taobao.org/rmc-dialog/download/rmc-dialog-1.1.1.tgz",
      "integrity": "sha1-HX+8ayytWwtT+6tx/iljbXb3ghc=",
      "requires": {
        "babel-runtime": "6.x",
        "rc-animate": "2.x"
      }
    },
    "rmc-drawer": {
      "version": "0.4.11",
      "resolved": "http://registry.npm.taobao.org/rmc-drawer/download/rmc-drawer-0.4.11.tgz",
      "integrity": "sha1-moxhJaTM03uRbzL36LR30R1BPuM=",
      "requires": {
        "babel-runtime": "6.x",
        "classnames": "^2.2.4",
        "prop-types": "^15.5.10"
      }
    },
    "rmc-feedback": {
      "version": "2.0.0",
      "resolved": "http://registry.npm.taobao.org/rmc-feedback/download/rmc-feedback-2.0.0.tgz",
      "integrity": "sha1-y8bLOuY8emNe7w4l5PuvWsNm7qo=",
      "requires": {
        "babel-runtime": "6.x",
        "classnames": "^2.2.5"
      }
    },
    "rmc-input-number": {
      "version": "1.0.5",
      "resolved": "http://registry.npm.taobao.org/rmc-input-number/download/rmc-input-number-1.0.5.tgz",
      "integrity": "sha1-QuAqJ7DDw2a+n/DOGdgYtx5Ab48=",
      "requires": {
        "babel-runtime": "6.x",
        "classnames": "^2.2.0",
        "rmc-feedback": "^2.0.0"
      }
    },
    "rmc-list-view": {
      "version": "0.11.5",
      "resolved": "http://registry.npm.taobao.org/rmc-list-view/download/rmc-list-view-0.11.5.tgz",
      "integrity": "sha1-jhUqXb7GrsRajM0fM8uO8UC5Oh4=",
      "requires": {
        "babel-runtime": "6.x",
        "classnames": "^2.2.5",
        "fbjs": "^0.8.3",
        "prop-types": "^15.5.8",
        "warning": "^3.0.0",
        "zscroller": "~0.4.0"
      }
    },
    "rmc-notification": {
      "version": "1.0.0",
      "resolved": "http://registry.npm.taobao.org/rmc-notification/download/rmc-notification-1.0.0.tgz",
      "integrity": "sha1-H87pj5m5cz985jqR12Y6V4dD0HU=",
      "requires": {
        "babel-runtime": "6.x",
        "classnames": "2.x",
        "prop-types": "^15.5.8",
        "rc-animate": "2.x",
        "rc-util": "^4.0.4"
      }
    },
    "rmc-nuka-carousel": {
      "version": "3.0.1",
      "resolved": "http://registry.npm.taobao.org/rmc-nuka-carousel/download/rmc-nuka-carousel-3.0.1.tgz",
      "integrity": "sha1-oqmXZ2sPmGNUl22sOexm2HAbS3E=",
      "requires": {
        "exenv": "^1.2.0",
        "raf": "^3.3.2"
      }
    },
    "rmc-picker": {
      "version": "5.0.9",
      "resolved": "https://registry.npm.taobao.org/rmc-picker/download/rmc-picker-5.0.9.tgz?cache=0&other_urls=https%3A%2F%2Fregistry.npm.taobao.org%2Frmc-picker%2Fdownload%2Frmc-picker-5.0.9.tgz",
      "integrity": "sha1-dJ6Ef4AiYclEmWt5cXqwF9eort4=",
      "requires": {
        "babel-runtime": "6.x",
        "classnames": "^2.2.6",
        "rmc-dialog": "^1.1.1",
        "rmc-feedback": "^2.0.0"
      }
    },
    "rmc-pull-to-refresh": {
      "version": "1.0.11",
      "resolved": "https://registry.npm.taobao.org/rmc-pull-to-refresh/download/rmc-pull-to-refresh-1.0.11.tgz",
      "requires": {
        "babel-runtime": "6.x",
        "classnames": "^2.2.5"
      }
    },
    "rmc-steps": {
      "version": "1.0.0",
      "resolved": "http://registry.npm.taobao.org/rmc-steps/download/rmc-steps-1.0.0.tgz",
      "integrity": "sha1-DFDQ3/nT5y4QGRQwCngZk1UtxSY=",
      "requires": {
        "babel-runtime": "^6.23.0",
        "classnames": "^2.2.3"
      }
    },
    "rmc-tabs": {
      "version": "1.2.29",
      "resolved": "http://registry.npm.taobao.org/rmc-tabs/download/rmc-tabs-1.2.29.tgz",
      "integrity": "sha1-3SGRUl3rv4Uh6FrrbZdnD2UuTIM=",
      "requires": {
        "babel-runtime": "6.x",
        "rc-gesture": "~0.0.18"
      }
    },
    "rmc-tooltip": {
      "version": "1.0.1",
      "resolved": "http://registry.npm.taobao.org/rmc-tooltip/download/rmc-tooltip-1.0.1.tgz",
      "integrity": "sha1-WvFqPo92T6JtKxGTKXW9iLHYSNI=",
      "requires": {
        "babel-runtime": "6.x",
        "rmc-trigger": "1.x"
      }
    },
    "rmc-trigger": {
      "version": "1.0.12",
      "resolved": "http://registry.npm.taobao.org/rmc-trigger/download/rmc-trigger-1.0.12.tgz",
      "integrity": "sha1-NN8QoW8fyPnosU0T1Yyr4pSrdIg=",
      "requires": {
        "babel-runtime": "6.x",
        "rc-animate": "2.x",
        "rc-util": "4.x",
        "rmc-align": "~1.0.0"
      }
    },
    "safer-buffer": {
      "version": "2.1.2",
      "resolved": "http://registry.npm.taobao.org/safer-buffer/download/safer-buffer-2.1.2.tgz",
      "integrity": "sha512-YZo3K82SD7Riyi0E1EQPojLz7kpepnSQI9IyPbHHg1XXXevb5dJI7tpyN2ADxGcQbHG7vcyRHk0cbwqcQriUtg=="
    },
    "scheduler": {
      "version": "0.13.6",
      "resolved": "http://registry.npm.taobao.org/scheduler/download/scheduler-0.13.6.tgz",
      "integrity": "sha512-IWnObHt413ucAYKsD9J1QShUKkbKLQQHdxRyw73sw4FN26iWr3DY/H34xGPe4nmL1DwXyWmSWmMrA9TfQbE/XQ==",
      "requires": {
        "loose-envify": "^1.1.0",
        "object-assign": "^4.1.1"
      }
    },
    "setimmediate": {
      "version": "1.0.5",
      "resolved": "http://registry.npm.taobao.org/setimmediate/download/setimmediate-1.0.5.tgz",
      "integrity": "sha512-MATJdZp8sLqDl/68LfQmbP8zKPLQNV6BIZoIgrscFDQ+RsvK/BxeDQOgyxKKoh0y/8h3BqVFnCqQ/gd+reiIXA=="
    },
    "shallowequal": {
      "version": "0.2.2",
      "resolved": "http://registry.npm.taobao.org/shallowequal/download/shallowequal-0.2.2.tgz",
      "integrity": "sha1-HjL9W8q2rWiKSBLLDMBO/HXHAU4=",
      "requires": {
        "lodash.keys": "^3.1.2"
      }
    },
    "tween-functions": {
      "version": "1.2.0",
      "resolved": "http://registry.npm.taobao.org/tween-functions/download/tween-functions-1.2.0.tgz",
      "integrity": "sha1-GuOlDnxguz3vd06scHrLynO7w/8="
    },
    "ua-parser-js": {
      "version": "0.7.20",
      "resolved": "https://registry.npm.taobao.org/ua-parser-js/download/ua-parser-js-0.7.20.tgz"
    },
    "warning": {
      "version": "3.0.0",
      "resolved": "http://registry.npm.taobao.org/warning/download/warning-3.0.0.tgz",
      "integrity": "sha1-MuU3fLVy3kqwR1O9+IIcAe1gW3w=",
      "requires": {
        "loose-envify": "^1.0.0"
      }
    },
    "whatwg-fetch": {
      "version": "3.0.0",
      "resolved": "http://registry.npm.taobao.org/whatwg-fetch/download/whatwg-fetch-3.0.0.tgz",
      "integrity": "sha1-/IBORYzEYACbGiuWa8iBfSV4rvs="
    },
    "zscroller": {
      "version": "0.4.8",
      "resolved": "http://registry.npm.taobao.org/zscroller/download/zscroller-0.4.8.tgz",
      "integrity": "sha1-ae7WhpCAju34H5cUAUNWs2zdIPQ=",
      "requires": {
        "babel-runtime": "6.x"
      }
    }
  }
}
